
Microsoft Visual Studio Solution File, Format Version 12.00
# Visual Studio Version 17
VisualStudioVersion = 17.11.35327.3
MinimumVisualStudioVersion = 10.0.40219.1
Project("{FAE04EC0-301F-11D3-BF4B-00C04F79EFBC}") = "DBMS.SQL Quarry 125", "DBMS.SQL Quarry 125\DBMS.SQL Quarry 125.csproj", "{810D2DBE-68A8-4891-9DC6-8BC47461DA25}"
EndProject
Global
	GlobalSection(SolutionConfigurationPlatforms) = preSolution
		Debug|Any CPU = Debug|Any CPU
		Release|Any CPU = Release|Any CPU
	EndGlobalSection
	GlobalSection(ProjectConfigurationPlatforms) = postSolution
		{810D2DBE-68A8-4891-9DC6-8BC47461DA25}.Debug|Any CPU.ActiveCfg = Debug|Any CPU
		{810D2DBE-68A8-4891-9DC6-8BC47461DA25}.Debug|Any CPU.Build.0 = Debug|Any CPU
		{810D2DBE-68A8-4891-9DC6-8BC47461DA25}.Release|Any CPU.ActiveCfg = Release|Any CPU
		{810D2DBE-68A8-4891-9DC6-8BC47461DA25}.Release|Any CPU.Build.0 = Release|Any CPU
	EndGlobalSection
	GlobalSection(SolutionProperties) = preSolution
		HideSolutionNode = FALSE
	EndGlobalSection
	GlobalSection(ExtensibilityGlobals) = postSolution
		SolutionGuid = {5D458BB1-8E15-4466-84E8-72F86686E5A6}
	EndGlobalSection
EndGlobal
